Microsoft Visual Studio Solution File, Format Version 10.00
# Visual Studio 2008
Project("{8BC9CEB8-8B4A-11D0-8D11-00A0C91BC942}") = "ALL_BUILD", ".\ALL_BUILD.vcproj", "{D9C507A4-0394-4132-A3D3-C036554947AA}"
	ProjectSection(ProjectDependencies) = postProject
		{F5096F2D-6CD4-46CB-A479-D187E77D6B88} = {F5096F2D-6CD4-46CB-A479-D187E77D6B88}
		{BFAB8797-2D1C-48D7-A2BD-EE02A2113238} = {BFAB8797-2D1C-48D7-A2BD-EE02A2113238}
		{4FB65039-42D8-4FE2-AA83-89A3345CEAAA} = {4FB65039-42D8-4FE2-AA83-89A3345CEAAA}
		{B4191E71-2491-416A-AF0C-6889D057C26E} = {B4191E71-2491-416A-AF0C-6889D057C26E}
	EndProjectSection
EndProject
Project("{8BC9CEB8-8B4A-11D0-8D11-00A0C91BC942}") = "INSTALL", ".\INSTALL.vcproj", "{8716DA2C-86AF-498D-87EA-AAC953657BBC}"
	ProjectSection(ProjectDependencies) = postProject
		{D9C507A4-0394-4132-A3D3-C036554947AA} = {D9C507A4-0394-4132-A3D3-C036554947AA}
	EndProjectSection
EndProject
Project("{8BC9CEB8-8B4A-11D0-8D11-00A0C91BC942}") = "ZERO_CHECK", ".\ZERO_CHECK.vcproj", "{F5096F2D-6CD4-46CB-A479-D187E77D6B88}"
	ProjectSection(ProjectDependencies) = postProject
	EndProjectSection
EndProject
Project("{8BC9CEB8-8B4A-11D0-8D11-00A0C91BC942}") = "cam_demo", ".\cam_demo.vcproj", "{BFAB8797-2D1C-48D7-A2BD-EE02A2113238}"
	ProjectSection(ProjectDependencies) = postProject
		{B4191E71-2491-416A-AF0C-6889D057C26E} = {B4191E71-2491-416A-AF0C-6889D057C26E}
		{F5096F2D-6CD4-46CB-A479-D187E77D6B88} = {F5096F2D-6CD4-46CB-A479-D187E77D6B88}
	EndProjectSection
EndProject
Project("{8BC9CEB8-8B4A-11D0-8D11-00A0C91BC942}") = "cam_myobjects", ".\cam_myobjects.vcproj", "{4FB65039-42D8-4FE2-AA83-89A3345CEAAA}"
	ProjectSection(ProjectDependencies) = postProject
		{B4191E71-2491-416A-AF0C-6889D057C26E} = {B4191E71-2491-416A-AF0C-6889D057C26E}
		{F5096F2D-6CD4-46CB-A479-D187E77D6B88} = {F5096F2D-6CD4-46CB-A479-D187E77D6B88}
	EndProjectSection
EndProject
Project("{8BC9CEB8-8B4A-11D0-8D11-00A0C91BC942}") = "camellia", "src\camellia.vcproj", "{B4191E71-2491-416A-AF0C-6889D057C26E}"
	ProjectSection(ProjectDependencies) = postProject
		{F5096F2D-6CD4-46CB-A479-D187E77D6B88} = {F5096F2D-6CD4-46CB-A479-D187E77D6B88}
	EndProjectSection
EndProject
Global
	GlobalSection(SolutionConfigurationPlatforms) = preSolution
		Debug|Win32 = Debug|Win32
		Release|Win32 = Release|Win32
		MinSizeRel|Win32 = MinSizeRel|Win32
		RelWithDebInfo|Win32 = RelWithDebInfo|Win32
	EndGlobalSection
	GlobalSection(ProjectConfigurationPlatforms) = postSolution
		{D9C507A4-0394-4132-A3D3-C036554947AA}.Debug|Win32.ActiveCfg = Debug|Win32
		{D9C507A4-0394-4132-A3D3-C036554947AA}.Debug|Win32.Build.0 = Debug|Win32
		{D9C507A4-0394-4132-A3D3-C036554947AA}.Release|Win32.ActiveCfg = Release|Win32
		{D9C507A4-0394-4132-A3D3-C036554947AA}.Release|Win32.Build.0 = Release|Win32
		{D9C507A4-0394-4132-A3D3-C036554947AA}.MinSizeRel|Win32.ActiveCfg = MinSizeRel|Win32
		{D9C507A4-0394-4132-A3D3-C036554947AA}.MinSizeRel|Win32.Build.0 = MinSizeRel|Win32
		{D9C507A4-0394-4132-A3D3-C036554947AA}.RelWithDebInfo|Win32.ActiveCfg = RelWithDebInfo|Win32
		{D9C507A4-0394-4132-A3D3-C036554947AA}.RelWithDebInfo|Win32.Build.0 = RelWithDebInfo|Win32
		{8716DA2C-86AF-498D-87EA-AAC953657BBC}.Debug|Win32.ActiveCfg = Debug|Win32
		{8716DA2C-86AF-498D-87EA-AAC953657BBC}.Release|Win32.ActiveCfg = Release|Win32
		{8716DA2C-86AF-498D-87EA-AAC953657BBC}.MinSizeRel|Win32.ActiveCfg = MinSizeRel|Win32
		{8716DA2C-86AF-498D-87EA-AAC953657BBC}.RelWithDebInfo|Win32.ActiveCfg = RelWithDebInfo|Win32
		{F5096F2D-6CD4-46CB-A479-D187E77D6B88}.Debug|Win32.ActiveCfg = Debug|Win32
		{F5096F2D-6CD4-46CB-A479-D187E77D6B88}.Debug|Win32.Build.0 = Debug|Win32
		{F5096F2D-6CD4-46CB-A479-D187E77D6B88}.Release|Win32.ActiveCfg = Release|Win32
		{F5096F2D-6CD4-46CB-A479-D187E77D6B88}.Release|Win32.Build.0 = Release|Win32
		{F5096F2D-6CD4-46CB-A479-D187E77D6B88}.MinSizeRel|Win32.ActiveCfg = MinSizeRel|Win32
		{F5096F2D-6CD4-46CB-A479-D187E77D6B88}.MinSizeRel|Win32.Build.0 = MinSizeRel|Win32
		{F5096F2D-6CD4-46CB-A479-D187E77D6B88}.RelWithDebInfo|Win32.ActiveCfg = RelWithDebInfo|Win32
		{F5096F2D-6CD4-46CB-A479-D187E77D6B88}.RelWithDebInfo|Win32.Build.0 = RelWithDebInfo|Win32
		{BFAB8797-2D1C-48D7-A2BD-EE02A2113238}.Debug|Win32.ActiveCfg = Debug|Win32
		{BFAB8797-2D1C-48D7-A2BD-EE02A2113238}.Debug|Win32.Build.0 = Debug|Win32
		{BFAB8797-2D1C-48D7-A2BD-EE02A2113238}.Release|Win32.ActiveCfg = Release|Win32
		{BFAB8797-2D1C-48D7-A2BD-EE02A2113238}.Release|Win32.Build.0 = Release|Win32
		{BFAB8797-2D1C-48D7-A2BD-EE02A2113238}.MinSizeRel|Win32.ActiveCfg = MinSizeRel|Win32
		{BFAB8797-2D1C-48D7-A2BD-EE02A2113238}.MinSizeRel|Win32.Build.0 = MinSizeRel|Win32
		{BFAB8797-2D1C-48D7-A2BD-EE02A2113238}.RelWithDebInfo|Win32.ActiveCfg = RelWithDebInfo|Win32
		{BFAB8797-2D1C-48D7-A2BD-EE02A2113238}.RelWithDebInfo|Win32.Build.0 = RelWithDebInfo|Win32
		{4FB65039-42D8-4FE2-AA83-89A3345CEAAA}.Debug|Win32.ActiveCfg = Debug|Win32
		{4FB65039-42D8-4FE2-AA83-89A3345CEAAA}.Debug|Win32.Build.0 = Debug|Win32
		{4FB65039-42D8-4FE2-AA83-89A3345CEAAA}.Release|Win32.ActiveCfg = Release|Win32
		{4FB65039-42D8-4FE2-AA83-89A3345CEAAA}.Release|Win32.Build.0 = Release|Win32
		{4FB65039-42D8-4FE2-AA83-89A3345CEAAA}.MinSizeRel|Win32.ActiveCfg = MinSizeRel|Win32
		{4FB65039-42D8-4FE2-AA83-89A3345CEAAA}.MinSizeRel|Win32.Build.0 = MinSizeRel|Win32
		{4FB65039-42D8-4FE2-AA83-89A3345CEAAA}.RelWithDebInfo|Win32.ActiveCfg = RelWithDebInfo|Win32
		{4FB65039-42D8-4FE2-AA83-89A3345CEAAA}.RelWithDebInfo|Win32.Build.0 = RelWithDebInfo|Win32
		{B4191E71-2491-416A-AF0C-6889D057C26E}.Debug|Win32.ActiveCfg = Debug|Win32
		{B4191E71-2491-416A-AF0C-6889D057C26E}.Debug|Win32.Build.0 = Debug|Win32
		{B4191E71-2491-416A-AF0C-6889D057C26E}.Release|Win32.ActiveCfg = Release|Win32
		{B4191E71-2491-416A-AF0C-6889D057C26E}.Release|Win32.Build.0 = Release|Win32
		{B4191E71-2491-416A-AF0C-6889D057C26E}.MinSizeRel|Win32.ActiveCfg = MinSizeRel|Win32
		{B4191E71-2491-416A-AF0C-6889D057C26E}.MinSizeRel|Win32.Build.0 = MinSizeRel|Win32
		{B4191E71-2491-416A-AF0C-6889D057C26E}.RelWithDebInfo|Win32.ActiveCfg = RelWithDebInfo|Win32
		{B4191E71-2491-416A-AF0C-6889D057C26E}.RelWithDebInfo|Win32.Build.0 = RelWithDebInfo|Win32
	EndGlobalSection
	GlobalSection(ExtensibilityGlobals) = postSolution
	EndGlobalSection
	GlobalSection(ExtensibilityAddIns) = postSolution
	EndGlobalSection
EndGlobal
