Microsoft Visual Studio Solution File, Format Version 10.00
# Visual Studio 2008
Project("{8BC9CEB8-8B4A-11D0-8D11-00A0C91BC942}") = "ALL_BUILD", ".\ALL_BUILD.vcproj", "{CCAF1ACB-1B57-41A1-9F3D-7C12120C6239}"
	ProjectSection(ProjectDependencies) = postProject
		{1EB7263B-94AE-463C-A54A-BC62D75EFDA2} = {1EB7263B-94AE-463C-A54A-BC62D75EFDA2}
		{AB39C584-9CA4-4DF3-817C-6E558E45818F} = {AB39C584-9CA4-4DF3-817C-6E558E45818F}
		{0BC806BB-6115-4634-BD58-40CE01960F79} = {0BC806BB-6115-4634-BD58-40CE01960F79}
		{1DC26187-90BA-4DD3-AB82-0B4864BF2243} = {1DC26187-90BA-4DD3-AB82-0B4864BF2243}
	EndProjectSection
EndProject
Project("{8BC9CEB8-8B4A-11D0-8D11-00A0C91BC942}") = "INSTALL", ".\INSTALL.vcproj", "{BEFAC5B6-CF7F-4163-BA86-B9289CFE6050}"
	ProjectSection(ProjectDependencies) = postProject
		{CCAF1ACB-1B57-41A1-9F3D-7C12120C6239} = {CCAF1ACB-1B57-41A1-9F3D-7C12120C6239}
	EndProjectSection
EndProject
Project("{8BC9CEB8-8B4A-11D0-8D11-00A0C91BC942}") = "ZERO_CHECK", ".\ZERO_CHECK.vcproj", "{1EB7263B-94AE-463C-A54A-BC62D75EFDA2}"
	ProjectSection(ProjectDependencies) = postProject
	EndProjectSection
EndProject
Project("{8BC9CEB8-8B4A-11D0-8D11-00A0C91BC942}") = "cam_demo", ".\cam_demo.vcproj", "{AB39C584-9CA4-4DF3-817C-6E558E45818F}"
	ProjectSection(ProjectDependencies) = postProject
		{1DC26187-90BA-4DD3-AB82-0B4864BF2243} = {1DC26187-90BA-4DD3-AB82-0B4864BF2243}
		{1EB7263B-94AE-463C-A54A-BC62D75EFDA2} = {1EB7263B-94AE-463C-A54A-BC62D75EFDA2}
	EndProjectSection
EndProject
Project("{8BC9CEB8-8B4A-11D0-8D11-00A0C91BC942}") = "cam_myobjects", ".\cam_myobjects.vcproj", "{0BC806BB-6115-4634-BD58-40CE01960F79}"
	ProjectSection(ProjectDependencies) = postProject
		{1DC26187-90BA-4DD3-AB82-0B4864BF2243} = {1DC26187-90BA-4DD3-AB82-0B4864BF2243}
		{1EB7263B-94AE-463C-A54A-BC62D75EFDA2} = {1EB7263B-94AE-463C-A54A-BC62D75EFDA2}
	EndProjectSection
EndProject
Project("{8BC9CEB8-8B4A-11D0-8D11-00A0C91BC942}") = "camellia", "src\camellia.vcproj", "{1DC26187-90BA-4DD3-AB82-0B4864BF2243}"
	ProjectSection(ProjectDependencies) = postProject
		{1EB7263B-94AE-463C-A54A-BC62D75EFDA2} = {1EB7263B-94AE-463C-A54A-BC62D75EFDA2}
	EndProjectSection
EndProject
Global
	GlobalSection(SolutionConfigurationPlatforms) = preSolution
		Debug|Win32 = Debug|Win32
		Release|Win32 = Release|Win32
		MinSizeRel|Win32 = MinSizeRel|Win32
		RelWithDebInfo|Win32 = RelWithDebInfo|Win32
	EndGlobalSection
	GlobalSection(ProjectConfigurationPlatforms) = postSolution
		{CCAF1ACB-1B57-41A1-9F3D-7C12120C6239}.Debug|Win32.ActiveCfg = Debug|Win32
		{CCAF1ACB-1B57-41A1-9F3D-7C12120C6239}.Debug|Win32.Build.0 = Debug|Win32
		{CCAF1ACB-1B57-41A1-9F3D-7C12120C6239}.Release|Win32.ActiveCfg = Release|Win32
		{CCAF1ACB-1B57-41A1-9F3D-7C12120C6239}.Release|Win32.Build.0 = Release|Win32
		{CCAF1ACB-1B57-41A1-9F3D-7C12120C6239}.MinSizeRel|Win32.ActiveCfg = MinSizeRel|Win32
		{CCAF1ACB-1B57-41A1-9F3D-7C12120C6239}.MinSizeRel|Win32.Build.0 = MinSizeRel|Win32
		{CCAF1ACB-1B57-41A1-9F3D-7C12120C6239}.RelWithDebInfo|Win32.ActiveCfg = RelWithDebInfo|Win32
		{CCAF1ACB-1B57-41A1-9F3D-7C12120C6239}.RelWithDebInfo|Win32.Build.0 = RelWithDebInfo|Win32
		{BEFAC5B6-CF7F-4163-BA86-B9289CFE6050}.Debug|Win32.ActiveCfg = Debug|Win32
		{BEFAC5B6-CF7F-4163-BA86-B9289CFE6050}.Release|Win32.ActiveCfg = Release|Win32
		{BEFAC5B6-CF7F-4163-BA86-B9289CFE6050}.MinSizeRel|Win32.ActiveCfg = MinSizeRel|Win32
		{BEFAC5B6-CF7F-4163-BA86-B9289CFE6050}.RelWithDebInfo|Win32.ActiveCfg = RelWithDebInfo|Win32
		{1EB7263B-94AE-463C-A54A-BC62D75EFDA2}.Debug|Win32.ActiveCfg = Debug|Win32
		{1EB7263B-94AE-463C-A54A-BC62D75EFDA2}.Debug|Win32.Build.0 = Debug|Win32
		{1EB7263B-94AE-463C-A54A-BC62D75EFDA2}.Release|Win32.ActiveCfg = Release|Win32
		{1EB7263B-94AE-463C-A54A-BC62D75EFDA2}.Release|Win32.Build.0 = Release|Win32
		{1EB7263B-94AE-463C-A54A-BC62D75EFDA2}.MinSizeRel|Win32.ActiveCfg = MinSizeRel|Win32
		{1EB7263B-94AE-463C-A54A-BC62D75EFDA2}.MinSizeRel|Win32.Build.0 = MinSizeRel|Win32
		{1EB7263B-94AE-463C-A54A-BC62D75EFDA2}.RelWithDebInfo|Win32.ActiveCfg = RelWithDebInfo|Win32
		{1EB7263B-94AE-463C-A54A-BC62D75EFDA2}.RelWithDebInfo|Win32.Build.0 = RelWithDebInfo|Win32
		{AB39C584-9CA4-4DF3-817C-6E558E45818F}.Debug|Win32.ActiveCfg = Debug|Win32
		{AB39C584-9CA4-4DF3-817C-6E558E45818F}.Debug|Win32.Build.0 = Debug|Win32
		{AB39C584-9CA4-4DF3-817C-6E558E45818F}.Release|Win32.ActiveCfg = Release|Win32
		{AB39C584-9CA4-4DF3-817C-6E558E45818F}.Release|Win32.Build.0 = Release|Win32
		{AB39C584-9CA4-4DF3-817C-6E558E45818F}.MinSizeRel|Win32.ActiveCfg = MinSizeRel|Win32
		{AB39C584-9CA4-4DF3-817C-6E558E45818F}.MinSizeRel|Win32.Build.0 = MinSizeRel|Win32
		{AB39C584-9CA4-4DF3-817C-6E558E45818F}.RelWithDebInfo|Win32.ActiveCfg = RelWithDebInfo|Win32
		{AB39C584-9CA4-4DF3-817C-6E558E45818F}.RelWithDebInfo|Win32.Build.0 = RelWithDebInfo|Win32
		{0BC806BB-6115-4634-BD58-40CE01960F79}.Debug|Win32.ActiveCfg = Debug|Win32
		{0BC806BB-6115-4634-BD58-40CE01960F79}.Debug|Win32.Build.0 = Debug|Win32
		{0BC806BB-6115-4634-BD58-40CE01960F79}.Release|Win32.ActiveCfg = Release|Win32
		{0BC806BB-6115-4634-BD58-40CE01960F79}.Release|Win32.Build.0 = Release|Win32
		{0BC806BB-6115-4634-BD58-40CE01960F79}.MinSizeRel|Win32.ActiveCfg = MinSizeRel|Win32
		{0BC806BB-6115-4634-BD58-40CE01960F79}.MinSizeRel|Win32.Build.0 = MinSizeRel|Win32
		{0BC806BB-6115-4634-BD58-40CE01960F79}.RelWithDebInfo|Win32.ActiveCfg = RelWithDebInfo|Win32
		{0BC806BB-6115-4634-BD58-40CE01960F79}.RelWithDebInfo|Win32.Build.0 = RelWithDebInfo|Win32
		{1DC26187-90BA-4DD3-AB82-0B4864BF2243}.Debug|Win32.ActiveCfg = Debug|Win32
		{1DC26187-90BA-4DD3-AB82-0B4864BF2243}.Debug|Win32.Build.0 = Debug|Win32
		{1DC26187-90BA-4DD3-AB82-0B4864BF2243}.Release|Win32.ActiveCfg = Release|Win32
		{1DC26187-90BA-4DD3-AB82-0B4864BF2243}.Release|Win32.Build.0 = Release|Win32
		{1DC26187-90BA-4DD3-AB82-0B4864BF2243}.MinSizeRel|Win32.ActiveCfg = MinSizeRel|Win32
		{1DC26187-90BA-4DD3-AB82-0B4864BF2243}.MinSizeRel|Win32.Build.0 = MinSizeRel|Win32
		{1DC26187-90BA-4DD3-AB82-0B4864BF2243}.RelWithDebInfo|Win32.ActiveCfg = RelWithDebInfo|Win32
		{1DC26187-90BA-4DD3-AB82-0B4864BF2243}.RelWithDebInfo|Win32.Build.0 = RelWithDebInfo|Win32
	EndGlobalSection
	GlobalSection(ExtensibilityGlobals) = postSolution
	EndGlobalSection
	GlobalSection(ExtensibilityAddIns) = postSolution
	EndGlobalSection
EndGlobal
