<<<<<<< .mine
Microsoft Visual Studio Solution File, Format Version 10.00
# Visual Studio 2008
Project("{8BC9CEB8-8B4A-11D0-8D11-00A0C91BC942}") = "ALL_BUILD", ".\ALL_BUILD.vcproj", "{2AB07D07-F3D0-486F-9826-D7D5FBBC1D36}"
=======
Microsoft Visual Studio Solution File, Format Version 11.00
# Visual Studio 2010
Project("{8BC9CEB8-8B4A-11D0-8D11-00A0C91BC942}") = "ALL_BUILD", ".\ALL_BUILD.vcxproj", "{777DE032-9574-4FA5-92CE-56B6A06C11D8}"
>>>>>>> .r478
	ProjectSection(ProjectDependencies) = postProject
<<<<<<< .mine
		{F874CD9E-2386-4262-ADBE-74E18475E169} = {F874CD9E-2386-4262-ADBE-74E18475E169}
		{2D5DB43C-81DB-48A4-8E28-7D79E239E0F2} = {2D5DB43C-81DB-48A4-8E28-7D79E239E0F2}
		{5E179D51-A944-44D2-9225-A7EF852D4A6D} = {5E179D51-A944-44D2-9225-A7EF852D4A6D}
		{7BDBA9D6-6A3E-4EB2-BB38-DB1F75DFD268} = {7BDBA9D6-6A3E-4EB2-BB38-DB1F75DFD268}
=======
		{2B51F522-5410-452B-B817-82C19418EE10} = {2B51F522-5410-452B-B817-82C19418EE10}
		{A5CB61BF-CD73-466A-BADD-C90CF8F6647B} = {A5CB61BF-CD73-466A-BADD-C90CF8F6647B}
		{DC7BB2FF-64DE-46E2-AEF4-D4EA29D0579D} = {DC7BB2FF-64DE-46E2-AEF4-D4EA29D0579D}
		{130B3A32-E963-46E8-BE71-BF20B65A06B1} = {130B3A32-E963-46E8-BE71-BF20B65A06B1}
>>>>>>> .r478
	EndProjectSection
EndProject
<<<<<<< .mine
Project("{8BC9CEB8-8B4A-11D0-8D11-00A0C91BC942}") = "INSTALL", ".\INSTALL.vcproj", "{6A96B0DC-D483-4249-90B4-6DB8EAE64D26}"
=======
Project("{8BC9CEB8-8B4A-11D0-8D11-00A0C91BC942}") = "INSTALL", ".\INSTALL.vcxproj", "{A9920A36-FAC7-4C4E-86A6-1A79AEF2A3B3}"
>>>>>>> .r478
	ProjectSection(ProjectDependencies) = postProject
<<<<<<< .mine
		{2AB07D07-F3D0-486F-9826-D7D5FBBC1D36} = {2AB07D07-F3D0-486F-9826-D7D5FBBC1D36}
=======
		{777DE032-9574-4FA5-92CE-56B6A06C11D8} = {777DE032-9574-4FA5-92CE-56B6A06C11D8}
>>>>>>> .r478
	EndProjectSection
EndProject
<<<<<<< .mine
Project("{8BC9CEB8-8B4A-11D0-8D11-00A0C91BC942}") = "ZERO_CHECK", ".\ZERO_CHECK.vcproj", "{F874CD9E-2386-4262-ADBE-74E18475E169}"
=======
Project("{8BC9CEB8-8B4A-11D0-8D11-00A0C91BC942}") = "ZERO_CHECK", ".\ZERO_CHECK.vcxproj", "{2B51F522-5410-452B-B817-82C19418EE10}"
>>>>>>> .r478
	ProjectSection(ProjectDependencies) = postProject
	EndProjectSection
EndProject
<<<<<<< .mine
Project("{8BC9CEB8-8B4A-11D0-8D11-00A0C91BC942}") = "cam_demo", ".\cam_demo.vcproj", "{2D5DB43C-81DB-48A4-8E28-7D79E239E0F2}"
=======
Project("{8BC9CEB8-8B4A-11D0-8D11-00A0C91BC942}") = "cam_demo", ".\cam_demo.vcxproj", "{A5CB61BF-CD73-466A-BADD-C90CF8F6647B}"
>>>>>>> .r478
	ProjectSection(ProjectDependencies) = postProject
<<<<<<< .mine
		{7BDBA9D6-6A3E-4EB2-BB38-DB1F75DFD268} = {7BDBA9D6-6A3E-4EB2-BB38-DB1F75DFD268}
		{F874CD9E-2386-4262-ADBE-74E18475E169} = {F874CD9E-2386-4262-ADBE-74E18475E169}
=======
		{130B3A32-E963-46E8-BE71-BF20B65A06B1} = {130B3A32-E963-46E8-BE71-BF20B65A06B1}
		{2B51F522-5410-452B-B817-82C19418EE10} = {2B51F522-5410-452B-B817-82C19418EE10}
>>>>>>> .r478
	EndProjectSection
EndProject
<<<<<<< .mine
Project("{8BC9CEB8-8B4A-11D0-8D11-00A0C91BC942}") = "cam_myobjects", ".\cam_myobjects.vcproj", "{5E179D51-A944-44D2-9225-A7EF852D4A6D}"
=======
Project("{8BC9CEB8-8B4A-11D0-8D11-00A0C91BC942}") = "cam_myobjects", ".\cam_myobjects.vcxproj", "{DC7BB2FF-64DE-46E2-AEF4-D4EA29D0579D}"
>>>>>>> .r478
	ProjectSection(ProjectDependencies) = postProject
<<<<<<< .mine
		{7BDBA9D6-6A3E-4EB2-BB38-DB1F75DFD268} = {7BDBA9D6-6A3E-4EB2-BB38-DB1F75DFD268}
		{F874CD9E-2386-4262-ADBE-74E18475E169} = {F874CD9E-2386-4262-ADBE-74E18475E169}
=======
		{130B3A32-E963-46E8-BE71-BF20B65A06B1} = {130B3A32-E963-46E8-BE71-BF20B65A06B1}
		{2B51F522-5410-452B-B817-82C19418EE10} = {2B51F522-5410-452B-B817-82C19418EE10}
>>>>>>> .r478
	EndProjectSection
EndProject
<<<<<<< .mine
Project("{8BC9CEB8-8B4A-11D0-8D11-00A0C91BC942}") = "camellia", "src\camellia.vcproj", "{7BDBA9D6-6A3E-4EB2-BB38-DB1F75DFD268}"
=======
Project("{8BC9CEB8-8B4A-11D0-8D11-00A0C91BC942}") = "camellia", "src\camellia.vcxproj", "{130B3A32-E963-46E8-BE71-BF20B65A06B1}"
>>>>>>> .r478
	ProjectSection(ProjectDependencies) = postProject
<<<<<<< .mine
		{F874CD9E-2386-4262-ADBE-74E18475E169} = {F874CD9E-2386-4262-ADBE-74E18475E169}
=======
		{2B51F522-5410-452B-B817-82C19418EE10} = {2B51F522-5410-452B-B817-82C19418EE10}
>>>>>>> .r478
	EndProjectSection
EndProject
Global
	GlobalSection(SolutionConfigurationPlatforms) = preSolution
		Debug|Win32 = Debug|Win32
		Release|Win32 = Release|Win32
		MinSizeRel|Win32 = MinSizeRel|Win32
		RelWithDebInfo|Win32 = RelWithDebInfo|Win32
	EndGlobalSection
	GlobalSection(ProjectConfigurationPlatforms) = postSolution
<<<<<<< .mine
		{2AB07D07-F3D0-486F-9826-D7D5FBBC1D36}.Debug|Win32.ActiveCfg = Debug|Win32
		{2AB07D07-F3D0-486F-9826-D7D5FBBC1D36}.Debug|Win32.Build.0 = Debug|Win32
		{2AB07D07-F3D0-486F-9826-D7D5FBBC1D36}.Release|Win32.ActiveCfg = Release|Win32
		{2AB07D07-F3D0-486F-9826-D7D5FBBC1D36}.Release|Win32.Build.0 = Release|Win32
		{2AB07D07-F3D0-486F-9826-D7D5FBBC1D36}.MinSizeRel|Win32.ActiveCfg = MinSizeRel|Win32
		{2AB07D07-F3D0-486F-9826-D7D5FBBC1D36}.MinSizeRel|Win32.Build.0 = MinSizeRel|Win32
		{2AB07D07-F3D0-486F-9826-D7D5FBBC1D36}.RelWithDebInfo|Win32.ActiveCfg = RelWithDebInfo|Win32
		{2AB07D07-F3D0-486F-9826-D7D5FBBC1D36}.RelWithDebInfo|Win32.Build.0 = RelWithDebInfo|Win32
		{6A96B0DC-D483-4249-90B4-6DB8EAE64D26}.Debug|Win32.ActiveCfg = Debug|Win32
		{6A96B0DC-D483-4249-90B4-6DB8EAE64D26}.Release|Win32.ActiveCfg = Release|Win32
		{6A96B0DC-D483-4249-90B4-6DB8EAE64D26}.MinSizeRel|Win32.ActiveCfg = MinSizeRel|Win32
		{6A96B0DC-D483-4249-90B4-6DB8EAE64D26}.RelWithDebInfo|Win32.ActiveCfg = RelWithDebInfo|Win32
		{F874CD9E-2386-4262-ADBE-74E18475E169}.Debug|Win32.ActiveCfg = Debug|Win32
		{F874CD9E-2386-4262-ADBE-74E18475E169}.Debug|Win32.Build.0 = Debug|Win32
		{F874CD9E-2386-4262-ADBE-74E18475E169}.Release|Win32.ActiveCfg = Release|Win32
		{F874CD9E-2386-4262-ADBE-74E18475E169}.Release|Win32.Build.0 = Release|Win32
		{F874CD9E-2386-4262-ADBE-74E18475E169}.MinSizeRel|Win32.ActiveCfg = MinSizeRel|Win32
		{F874CD9E-2386-4262-ADBE-74E18475E169}.MinSizeRel|Win32.Build.0 = MinSizeRel|Win32
		{F874CD9E-2386-4262-ADBE-74E18475E169}.RelWithDebInfo|Win32.ActiveCfg = RelWithDebInfo|Win32
		{F874CD9E-2386-4262-ADBE-74E18475E169}.RelWithDebInfo|Win32.Build.0 = RelWithDebInfo|Win32
		{2D5DB43C-81DB-48A4-8E28-7D79E239E0F2}.Debug|Win32.ActiveCfg = Debug|Win32
		{2D5DB43C-81DB-48A4-8E28-7D79E239E0F2}.Debug|Win32.Build.0 = Debug|Win32
		{2D5DB43C-81DB-48A4-8E28-7D79E239E0F2}.Release|Win32.ActiveCfg = Release|Win32
		{2D5DB43C-81DB-48A4-8E28-7D79E239E0F2}.Release|Win32.Build.0 = Release|Win32
		{2D5DB43C-81DB-48A4-8E28-7D79E239E0F2}.MinSizeRel|Win32.ActiveCfg = MinSizeRel|Win32
		{2D5DB43C-81DB-48A4-8E28-7D79E239E0F2}.MinSizeRel|Win32.Build.0 = MinSizeRel|Win32
		{2D5DB43C-81DB-48A4-8E28-7D79E239E0F2}.RelWithDebInfo|Win32.ActiveCfg = RelWithDebInfo|Win32
		{2D5DB43C-81DB-48A4-8E28-7D79E239E0F2}.RelWithDebInfo|Win32.Build.0 = RelWithDebInfo|Win32
		{5E179D51-A944-44D2-9225-A7EF852D4A6D}.Debug|Win32.ActiveCfg = Debug|Win32
		{5E179D51-A944-44D2-9225-A7EF852D4A6D}.Debug|Win32.Build.0 = Debug|Win32
		{5E179D51-A944-44D2-9225-A7EF852D4A6D}.Release|Win32.ActiveCfg = Release|Win32
		{5E179D51-A944-44D2-9225-A7EF852D4A6D}.Release|Win32.Build.0 = Release|Win32
		{5E179D51-A944-44D2-9225-A7EF852D4A6D}.MinSizeRel|Win32.ActiveCfg = MinSizeRel|Win32
		{5E179D51-A944-44D2-9225-A7EF852D4A6D}.MinSizeRel|Win32.Build.0 = MinSizeRel|Win32
		{5E179D51-A944-44D2-9225-A7EF852D4A6D}.RelWithDebInfo|Win32.ActiveCfg = RelWithDebInfo|Win32
		{5E179D51-A944-44D2-9225-A7EF852D4A6D}.RelWithDebInfo|Win32.Build.0 = RelWithDebInfo|Win32
		{7BDBA9D6-6A3E-4EB2-BB38-DB1F75DFD268}.Debug|Win32.ActiveCfg = Debug|Win32
		{7BDBA9D6-6A3E-4EB2-BB38-DB1F75DFD268}.Debug|Win32.Build.0 = Debug|Win32
		{7BDBA9D6-6A3E-4EB2-BB38-DB1F75DFD268}.Release|Win32.ActiveCfg = Release|Win32
		{7BDBA9D6-6A3E-4EB2-BB38-DB1F75DFD268}.Release|Win32.Build.0 = Release|Win32
		{7BDBA9D6-6A3E-4EB2-BB38-DB1F75DFD268}.MinSizeRel|Win32.ActiveCfg = MinSizeRel|Win32
		{7BDBA9D6-6A3E-4EB2-BB38-DB1F75DFD268}.MinSizeRel|Win32.Build.0 = MinSizeRel|Win32
		{7BDBA9D6-6A3E-4EB2-BB38-DB1F75DFD268}.RelWithDebInfo|Win32.ActiveCfg = RelWithDebInfo|Win32
		{7BDBA9D6-6A3E-4EB2-BB38-DB1F75DFD268}.RelWithDebInfo|Win32.Build.0 = RelWithDebInfo|Win32
=======
		{777DE032-9574-4FA5-92CE-56B6A06C11D8}.Debug|Win32.ActiveCfg = Debug|Win32
		{777DE032-9574-4FA5-92CE-56B6A06C11D8}.Debug|Win32.Build.0 = Debug|Win32
		{777DE032-9574-4FA5-92CE-56B6A06C11D8}.Release|Win32.ActiveCfg = Release|Win32
		{777DE032-9574-4FA5-92CE-56B6A06C11D8}.Release|Win32.Build.0 = Release|Win32
		{777DE032-9574-4FA5-92CE-56B6A06C11D8}.MinSizeRel|Win32.ActiveCfg = MinSizeRel|Win32
		{777DE032-9574-4FA5-92CE-56B6A06C11D8}.MinSizeRel|Win32.Build.0 = MinSizeRel|Win32
		{777DE032-9574-4FA5-92CE-56B6A06C11D8}.RelWithDebInfo|Win32.ActiveCfg = RelWithDebInfo|Win32
		{777DE032-9574-4FA5-92CE-56B6A06C11D8}.RelWithDebInfo|Win32.Build.0 = RelWithDebInfo|Win32
		{A9920A36-FAC7-4C4E-86A6-1A79AEF2A3B3}.Debug|Win32.ActiveCfg = Debug|Win32
		{A9920A36-FAC7-4C4E-86A6-1A79AEF2A3B3}.Release|Win32.ActiveCfg = Release|Win32
		{A9920A36-FAC7-4C4E-86A6-1A79AEF2A3B3}.MinSizeRel|Win32.ActiveCfg = MinSizeRel|Win32
		{A9920A36-FAC7-4C4E-86A6-1A79AEF2A3B3}.RelWithDebInfo|Win32.ActiveCfg = RelWithDebInfo|Win32
		{2B51F522-5410-452B-B817-82C19418EE10}.Debug|Win32.ActiveCfg = Debug|Win32
		{2B51F522-5410-452B-B817-82C19418EE10}.Debug|Win32.Build.0 = Debug|Win32
		{2B51F522-5410-452B-B817-82C19418EE10}.Release|Win32.ActiveCfg = Release|Win32
		{2B51F522-5410-452B-B817-82C19418EE10}.Release|Win32.Build.0 = Release|Win32
		{2B51F522-5410-452B-B817-82C19418EE10}.MinSizeRel|Win32.ActiveCfg = MinSizeRel|Win32
		{2B51F522-5410-452B-B817-82C19418EE10}.MinSizeRel|Win32.Build.0 = MinSizeRel|Win32
		{2B51F522-5410-452B-B817-82C19418EE10}.RelWithDebInfo|Win32.ActiveCfg = RelWithDebInfo|Win32
		{2B51F522-5410-452B-B817-82C19418EE10}.RelWithDebInfo|Win32.Build.0 = RelWithDebInfo|Win32
		{A5CB61BF-CD73-466A-BADD-C90CF8F6647B}.Debug|Win32.ActiveCfg = Debug|Win32
		{A5CB61BF-CD73-466A-BADD-C90CF8F6647B}.Debug|Win32.Build.0 = Debug|Win32
		{A5CB61BF-CD73-466A-BADD-C90CF8F6647B}.Release|Win32.ActiveCfg = Release|Win32
		{A5CB61BF-CD73-466A-BADD-C90CF8F6647B}.Release|Win32.Build.0 = Release|Win32
		{A5CB61BF-CD73-466A-BADD-C90CF8F6647B}.MinSizeRel|Win32.ActiveCfg = MinSizeRel|Win32
		{A5CB61BF-CD73-466A-BADD-C90CF8F6647B}.MinSizeRel|Win32.Build.0 = MinSizeRel|Win32
		{A5CB61BF-CD73-466A-BADD-C90CF8F6647B}.RelWithDebInfo|Win32.ActiveCfg = RelWithDebInfo|Win32
		{A5CB61BF-CD73-466A-BADD-C90CF8F6647B}.RelWithDebInfo|Win32.Build.0 = RelWithDebInfo|Win32
		{DC7BB2FF-64DE-46E2-AEF4-D4EA29D0579D}.Debug|Win32.ActiveCfg = Debug|Win32
		{DC7BB2FF-64DE-46E2-AEF4-D4EA29D0579D}.Debug|Win32.Build.0 = Debug|Win32
		{DC7BB2FF-64DE-46E2-AEF4-D4EA29D0579D}.Release|Win32.ActiveCfg = Release|Win32
		{DC7BB2FF-64DE-46E2-AEF4-D4EA29D0579D}.Release|Win32.Build.0 = Release|Win32
		{DC7BB2FF-64DE-46E2-AEF4-D4EA29D0579D}.MinSizeRel|Win32.ActiveCfg = MinSizeRel|Win32
		{DC7BB2FF-64DE-46E2-AEF4-D4EA29D0579D}.MinSizeRel|Win32.Build.0 = MinSizeRel|Win32
		{DC7BB2FF-64DE-46E2-AEF4-D4EA29D0579D}.RelWithDebInfo|Win32.ActiveCfg = RelWithDebInfo|Win32
		{DC7BB2FF-64DE-46E2-AEF4-D4EA29D0579D}.RelWithDebInfo|Win32.Build.0 = RelWithDebInfo|Win32
		{130B3A32-E963-46E8-BE71-BF20B65A06B1}.Debug|Win32.ActiveCfg = Debug|Win32
		{130B3A32-E963-46E8-BE71-BF20B65A06B1}.Debug|Win32.Build.0 = Debug|Win32
		{130B3A32-E963-46E8-BE71-BF20B65A06B1}.Release|Win32.ActiveCfg = Release|Win32
		{130B3A32-E963-46E8-BE71-BF20B65A06B1}.Release|Win32.Build.0 = Release|Win32
		{130B3A32-E963-46E8-BE71-BF20B65A06B1}.MinSizeRel|Win32.ActiveCfg = MinSizeRel|Win32
		{130B3A32-E963-46E8-BE71-BF20B65A06B1}.MinSizeRel|Win32.Build.0 = MinSizeRel|Win32
		{130B3A32-E963-46E8-BE71-BF20B65A06B1}.RelWithDebInfo|Win32.ActiveCfg = RelWithDebInfo|Win32
		{130B3A32-E963-46E8-BE71-BF20B65A06B1}.RelWithDebInfo|Win32.Build.0 = RelWithDebInfo|Win32
>>>>>>> .r478
	EndGlobalSection
	GlobalSection(ExtensibilityGlobals) = postSolution
	EndGlobalSection
	GlobalSection(ExtensibilityAddIns) = postSolution
	EndGlobalSection
EndGlobal
